
Microsoft Visual Studio Solution File, Format Version 12.00
# Visual Studio 15
VisualStudioVersion = 15.0.28307.329
MinimumVisualStudioVersion = 10.0.40219.1
Project("{FAE04EC0-301F-11D3-BF4B-00C04F79EFBC}") = "Teste.Domain", "Teste.Domain\Teste.Domain.csproj", "{896EFF00-1655-4379-A1C3-1B3021C3192F}"
EndProject
Project("{FAE04EC0-301F-11D3-BF4B-00C04F79EFBC}") = "Teste.Infra", "Teste.Infra\Teste.Infra.csproj", "{93B3A153-C304-4097-9349-3D0D3CE75CF4}"
EndProject
Project("{FAE04EC0-301F-11D3-BF4B-00C04F79EFBC}") = "Teste.Shared", "Teste.Shared\Teste.Shared.csproj", "{A7B2C72F-D90D-4C9F-8189-A692A143D87B}"
EndProject
Project("{FAE04EC0-301F-11D3-BF4B-00C04F79EFBC}") = "TesteApi", "TesteApi\TesteApi.csproj", "{D9B47550-6531-42B6-A29E-D2E2CF83D7DA}"
EndProject
Global
	GlobalSection(SolutionConfigurationPlatforms) = preSolution
		Debug|Any CPU = Debug|Any CPU
		Release|Any CPU = Release|Any CPU
	EndGlobalSection
	GlobalSection(ProjectConfigurationPlatforms) = postSolution
		{896EFF00-1655-4379-A1C3-1B3021C3192F}.Debug|Any CPU.ActiveCfg = Debug|Any CPU
		{896EFF00-1655-4379-A1C3-1B3021C3192F}.Debug|Any CPU.Build.0 = Debug|Any CPU
		{896EFF00-1655-4379-A1C3-1B3021C3192F}.Release|Any CPU.ActiveCfg = Release|Any CPU
		{896EFF00-1655-4379-A1C3-1B3021C3192F}.Release|Any CPU.Build.0 = Release|Any CPU
		{93B3A153-C304-4097-9349-3D0D3CE75CF4}.Debug|Any CPU.ActiveCfg = Debug|Any CPU
		{93B3A153-C304-4097-9349-3D0D3CE75CF4}.Debug|Any CPU.Build.0 = Debug|Any CPU
		{93B3A153-C304-4097-9349-3D0D3CE75CF4}.Release|Any CPU.ActiveCfg = Release|Any CPU
		{93B3A153-C304-4097-9349-3D0D3CE75CF4}.Release|Any CPU.Build.0 = Release|Any CPU
		{A7B2C72F-D90D-4C9F-8189-A692A143D87B}.Debug|Any CPU.ActiveCfg = Debug|Any CPU
		{A7B2C72F-D90D-4C9F-8189-A692A143D87B}.Debug|Any CPU.Build.0 = Debug|Any CPU
		{A7B2C72F-D90D-4C9F-8189-A692A143D87B}.Release|Any CPU.ActiveCfg = Release|Any CPU
		{A7B2C72F-D90D-4C9F-8189-A692A143D87B}.Release|Any CPU.Build.0 = Release|Any CPU
		{D9B47550-6531-42B6-A29E-D2E2CF83D7DA}.Debug|Any CPU.ActiveCfg = Debug|Any CPU
		{D9B47550-6531-42B6-A29E-D2E2CF83D7DA}.Debug|Any CPU.Build.0 = Debug|Any CPU
		{D9B47550-6531-42B6-A29E-D2E2CF83D7DA}.Release|Any CPU.ActiveCfg = Release|Any CPU
		{D9B47550-6531-42B6-A29E-D2E2CF83D7DA}.Release|Any CPU.Build.0 = Release|Any CPU
	EndGlobalSection
	GlobalSection(SolutionProperties) = preSolution
		HideSolutionNode = FALSE
	EndGlobalSection
	GlobalSection(ExtensibilityGlobals) = postSolution
		SolutionGuid = {2C2E2271-BD04-4D02-8EAA-78EEECEF50EC}
	EndGlobalSection
EndGlobal
